
Microsoft Visual Studio Solution File, Format Version 12.00
# Visual Studio Version 16
VisualStudioVersion = 16.0.31515.178
MinimumVisualStudioVersion = 10.0.40219.1
Project("{FAE04EC0-301F-11D3-BF4B-00C04F79EFBC}") = "SuryaWebApp", "SuryaWebApp\SuryaWebApp.csproj", "{89A9C04F-27B4-443E-B357-1CCF9E2AC775}"
EndProject
Global
	GlobalSection(SolutionConfigurationPlatforms) = preSolution
		Debug|Any CPU = Debug|Any CPU
		Release|Any CPU = Release|Any CPU
	EndGlobalSection
	GlobalSection(ProjectConfigurationPlatforms) = postSolution
		{89A9C04F-27B4-443E-B357-1CCF9E2AC775}.Debug|Any CPU.ActiveCfg = Debug|Any CPU
		{89A9C04F-27B4-443E-B357-1CCF9E2AC775}.Debug|Any CPU.Build.0 = Debug|Any CPU
		{89A9C04F-27B4-443E-B357-1CCF9E2AC775}.Release|Any CPU.ActiveCfg = Release|Any CPU
		{89A9C04F-27B4-443E-B357-1CCF9E2AC775}.Release|Any CPU.Build.0 = Release|Any CPU
	EndGlobalSection
	GlobalSection(SolutionProperties) = preSolution
		HideSolutionNode = FALSE
	EndGlobalSection
	GlobalSection(ExtensibilityGlobals) = postSolution
		SolutionGuid = {AFDF9AF0-02E2-44D4-8E21-621382AF3EC8}
	EndGlobalSection
EndGlobal
